Microsoft Visual Studio Solution File, Format Version 11.00
# Visual Studio 2010
Project("{FAE04EC0-301F-11D3-BF4B-00C04F79EFBC}") = "OpenSim", "OpenSim\Region\Application\OpenSim.csproj", "{AC9EB8AB-0000-0000-0000-000000000000}"
EndProject
Project("{FAE04EC0-301F-11D3-BF4B-00C04F79EFBC}") = "OpenSim.ApplicationPlugins.CreateCommsManager", "OpenSim\ApplicationPlugins\CreateCommsManager\OpenSim.ApplicationPlugins.CreateCommsManager.csproj", "{A7C552E7-0000-0000-0000-000000000000}"
EndProject
Project("{FAE04EC0-301F-11D3-BF4B-00C04F79EFBC}") = "OpenSim.ApplicationPlugins.LoadRegions", "OpenSim\ApplicationPlugins\LoadRegions\OpenSim.ApplicationPlugins.LoadRegions.csproj", "{E4BEC9DC-0000-0000-0000-000000000000}"
EndProject
Project("{FAE04EC0-301F-11D3-BF4B-00C04F79EFBC}") = "OpenSim.ApplicationPlugins.RegionModulesController", "OpenSim\ApplicationPlugins\RegionModulesController\OpenSim.ApplicationPlugins.RegionModulesController.csproj", "{9EC3C654-0000-0000-0000-000000000000}"
EndProject
Project("{FAE04EC0-301F-11D3-BF4B-00C04F79EFBC}") = "OpenSim.ApplicationPlugins.RemoteController", "OpenSim\ApplicationPlugins\RemoteController\OpenSim.ApplicationPlugins.RemoteController.csproj", "{B6A4EEC3-0000-0000-0000-000000000000}"
EndProject
Project("{FAE04EC0-301F-11D3-BF4B-00C04F79EFBC}") = "OpenSim.ApplicationPlugins.Rest", "OpenSim\ApplicationPlugins\Rest\OpenSim.ApplicationPlugins.Rest.csproj", "{6C74BE73-0000-0000-0000-000000000000}"
EndProject
Project("{FAE04EC0-301F-11D3-BF4B-00C04F79EFBC}") = "OpenSim.ApplicationPlugins.Rest.Inventory", "OpenSim\ApplicationPlugins\Rest\Inventory\OpenSim.ApplicationPlugins.Rest.Inventory.csproj", "{19D434AB-0000-0000-0000-000000000000}"
EndProject
Project("{FAE04EC0-301F-11D3-BF4B-00C04F79EFBC}") = "OpenSim.ApplicationPlugins.Rest.Regions", "OpenSim\ApplicationPlugins\Rest\Regions\OpenSim.ApplicationPlugins.Rest.Regions.csproj", "{CFB325AE-0000-0000-0000-000000000000}"
EndProject
Project("{FAE04EC0-301F-11D3-BF4B-00C04F79EFBC}") = "OpenSim.Client.Linden", "OpenSim\Client\Linden\OpenSim.Client.Linden.csproj", "{C0216636-0000-0000-0000-000000000000}"
EndProject
Project("{FAE04EC0-301F-11D3-BF4B-00C04F79EFBC}") = "OpenSim.Client.MXP", "OpenSim\Client\MXP\OpenSim.Client.MXP.csproj", "{2A3F276F-0000-0000-0000-000000000000}"
EndProject
Project("{FAE04EC0-301F-11D3-BF4B-00C04F79EFBC}") = "OpenSim.Client.VWoHTTP", "OpenSim\Client\VWoHTTP\OpenSim.Client.VWoHTTP.csproj", "{F3EC08BC-0000-0000-0000-000000000000}"
EndProject
Project("{FAE04EC0-301F-11D3-BF4B-00C04F79EFBC}") = "OpenSim.ConsoleClient", "OpenSim\ConsoleClient\OpenSim.ConsoleClient.csproj", "{CB348113-0000-0000-0000-000000000000}"
EndProject
Project("{FAE04EC0-301F-11D3-BF4B-00C04F79EFBC}") = "OpenSim.Data", "OpenSim\Data\OpenSim.Data.csproj", "{7E218E2D-0000-0000-0000-000000000000}"
EndProject
Project("{FAE04EC0-301F-11D3-BF4B-00C04F79EFBC}") = "OpenSim.Data.MSSQL", "OpenSim\Data\MSSQL\OpenSim.Data.MSSQL.csproj", "{1E894AF3-0000-0000-0000-000000000000}"
EndProject
Project("{FAE04EC0-301F-11D3-BF4B-00C04F79EFBC}") = "OpenSim.Data.MySQL", "OpenSim\Data\MySQL\OpenSim.Data.MySQL.csproj", "{1E894ECD-0000-0000-0000-000000000000}"
EndProject
Project("{FAE04EC0-301F-11D3-BF4B-00C04F79EFBC}") = "OpenSim.Data.MySQL.Tests", "OpenSim\Data\MySQL\Tests\OpenSim.Data.MySQL.Tests.csproj", "{C72BE9DA-0000-0000-0000-000000000000}"
EndProject
Project("{FAE04EC0-301F-11D3-BF4B-00C04F79EFBC}") = "OpenSim.Data.Null", "OpenSim\Data\Null\OpenSim.Data.Null.csproj", "{8D314DCC-0000-0000-0000-000000000000}"
EndProject
Project("{FAE04EC0-301F-11D3-BF4B-00C04F79EFBC}") = "OpenSim.Data.SQLite", "OpenSim\Data\SQLite\OpenSim.Data.SQLite.csproj", "{675096A5-0000-0000-0000-000000000000}"
EndProject
Project("{FAE04EC0-301F-11D3-BF4B-00C04F79EFBC}") = "OpenSim.Data.SQLite.Tests", "OpenSim\Data\SQLite\Tests\OpenSim.Data.SQLite.Tests.csproj", "{0D36C8EE-0000-0000-0000-000000000000}"
EndProject
Project("{FAE04EC0-301F-11D3-BF4B-00C04F79EFBC}") = "OpenSim.Data.Tests", "OpenSim\Data\Tests\OpenSim.Data.Tests.csproj", "{37FD59A6-0000-0000-0000-000000000000}"
EndProject
Project("{FAE04EC0-301F-11D3-BF4B-00C04F79EFBC}") = "OpenSim.Framework", "OpenSim\Framework\OpenSim.Framework.csproj", "{BCCDBB55-0000-0000-0000-000000000000}"
EndProject
Project("{FAE04EC0-301F-11D3-BF4B-00C04F79EFBC}") = "OpenSim.Framework.AssetLoader.Filesystem", "OpenSim\Framework\AssetLoader\Filesystem\OpenSim.Framework.AssetLoader.Filesystem.csproj", "{384A4FAB-0000-0000-0000-000000000000}"
EndProject
Project("{FAE04EC0-301F-11D3-BF4B-00C04F79EFBC}") = "OpenSim.Framework.Capabilities", "OpenSim\Framework\Capabilities\OpenSim.Framework.Capabilities.csproj", "{164C7555-0000-0000-0000-000000000000}"
EndProject
Project("{FAE04EC0-301F-11D3-BF4B-00C04F79EFBC}") = "OpenSim.Framework.Communications", "OpenSim\Framework\Communications\OpenSim.Framework.Communications.csproj", "{663117AE-0000-0000-0000-000000000000}"
EndProject
Project("{FAE04EC0-301F-11D3-BF4B-00C04F79EFBC}") = "OpenSim.Framework.Communications.Tests", "OpenSim\Framework\Communications\Tests\OpenSim.Framework.Communications.Tests.csproj", "{AF9A2423-0000-0000-0000-000000000000}"
EndProject
Project("{FAE04EC0-301F-11D3-BF4B-00C04F79EFBC}") = "OpenSim.Framework.Configuration.HTTP", "OpenSim\Framework\Configuration\HTTP\OpenSim.Framework.Configuration.HTTP.csproj", "{604890B5-0000-0000-0000-000000000000}"
EndProject
Project("{FAE04EC0-301F-11D3-BF4B-00C04F79EFBC}") = "OpenSim.Framework.Configuration.XML", "OpenSim\Framework\Configuration\XML\OpenSim.Framework.Configuration.XML.csproj", "{8B8C8A90-0000-0000-0000-000000000000}"
EndProject
Project("{FAE04EC0-301F-11D3-BF4B-00C04F79EFBC}") = "OpenSim.Framework.Console", "OpenSim\Framework\Console\OpenSim.Framework.Console.csproj", "{0ED8EBE8-0000-0000-0000-000000000000}"
EndProject
Project("{FAE04EC0-301F-11D3-BF4B-00C04F79EFBC}") = "OpenSim.Framework.RegionLoader.Filesystem", "OpenSim\Framework\RegionLoader\Filesystem\OpenSim.Framework.RegionLoader.Filesystem.csproj", "{75D4AD13-0000-0000-0000-000000000000}"
EndProject
Project("{FAE04EC0-301F-11D3-BF4B-00C04F79EFBC}") = "OpenSim.Framework.RegionLoader.Web", "OpenSim\Framework\RegionLoader\Web\OpenSim.Framework.RegionLoader.Web.csproj", "{B75F4E8C-0000-0000-0000-000000000000}"
EndProject
Project("{FAE04EC0-301F-11D3-BF4B-00C04F79EFBC}") = "OpenSim.Framework.Serialization", "OpenSim\Framework\Serialization\OpenSim.Framework.Serialization.csproj", "{BD63E665-0000-0000-0000-000000000000}"
EndProject
Project("{FAE04EC0-301F-11D3-BF4B-00C04F79EFBC}") = "OpenSim.Framework.Serialization.Tests", "OpenSim\Framework\Serialization\Tests\OpenSim.Framework.Serialization.Tests.csproj", "{B3B5B07A-0000-0000-0000-000000000000}"
EndProject
Project("{FAE04EC0-301F-11D3-BF4B-00C04F79EFBC}") = "OpenSim.Framework.Servers", "OpenSim\Framework\Servers\OpenSim.Framework.Servers.csproj", "{726D540D-0000-0000-0000-000000000000}"
EndProject
Project("{FAE04EC0-301F-11D3-BF4B-00C04F79EFBC}") = "OpenSim.Framework.Servers.HttpServer", "OpenSim\Framework\Servers\HttpServer\OpenSim.Framework.Servers.HttpServer.csproj", "{159EC5C2-0000-0000-0000-000000000000}"
EndProject
Project("{FAE04EC0-301F-11D3-BF4B-00C04F79EFBC}") = "OpenSim.Framework.Servers.Tests", "OpenSim\Framework\Servers\Tests\OpenSim.Framework.Servers.Tests.csproj", "{743E90C2-0000-0000-0000-000000000000}"
EndProject
Project("{FAE04EC0-301F-11D3-BF4B-00C04F79EFBC}") = "OpenSim.Framework.Statistics", "OpenSim\Framework\Statistics\OpenSim.Framework.Statistics.csproj", "{9E387B00-0000-0000-0000-000000000000}"
EndProject
Project("{FAE04EC0-301F-11D3-BF4B-00C04F79EFBC}") = "OpenSim.Framework.Tests", "OpenSim\Framework\Tests\OpenSim.Framework.Tests.csproj", "{FA62D900-0000-0000-0000-000000000000}"
EndProject
Project("{FAE04EC0-301F-11D3-BF4B-00C04F79EFBC}") = "OpenSim.Grid.Communications.OGS1", "OpenSim\Grid\Communications\OGS1\OpenSim.Grid.Communications.OGS1.csproj", "{3F9E1E88-0000-0000-0000-000000000000}"
EndProject
Project("{FAE04EC0-301F-11D3-BF4B-00C04F79EFBC}") = "OpenSim.Grid.Framework", "OpenSim\Grid\Framework\OpenSim.Grid.Framework.csproj", "{A1A8DB47-0000-0000-0000-000000000000}"
EndProject
Project("{FAE04EC0-301F-11D3-BF4B-00C04F79EFBC}") = "OpenSim.Grid.GridServer", "OpenSim\Grid\GridServer\OpenSim.Grid.GridServer.csproj", "{66891B26-0000-0000-0000-000000000000}"
EndProject
Project("{FAE04EC0-301F-11D3-BF4B-00C04F79EFBC}") = "OpenSim.Grid.GridServer.Modules", "OpenSim\Grid\GridServer.Modules\OpenSim.Grid.GridServer.Modules.csproj", "{830DDC85-0000-0000-0000-000000000000}"
EndProject
Project("{FAE04EC0-301F-11D3-BF4B-00C04F79EFBC}") = "OpenSim.Grid.MessagingServer", "OpenSim\Grid\MessagingServer\OpenSim.Grid.MessagingServer.csproj", "{5F527C2C-0000-0000-0000-000000000000}"
EndProject
Project("{FAE04EC0-301F-11D3-BF4B-00C04F79EFBC}") = "OpenSim.Grid.MessagingServer.Modules", "OpenSim\Grid\MessagingServer.Modules\OpenSim.Grid.MessagingServer.Modules.csproj", "{A1141017-0000-0000-0000-000000000000}"
EndProject
Project("{FAE04EC0-301F-11D3-BF4B-00C04F79EFBC}") = "OpenSim.Grid.UserServer", "OpenSim\Grid\UserServer\OpenSim.Grid.UserServer.csproj", "{BCD77D47-0000-0000-0000-000000000000}"
EndProject
Project("{FAE04EC0-301F-11D3-BF4B-00C04F79EFBC}") = "OpenSim.Grid.UserServer.Modules", "OpenSim\Grid\UserServer.Modules\OpenSim.Grid.UserServer.Modules.csproj", "{3FE314F2-0000-0000-0000-000000000000}"
EndProject
Project("{FAE04EC0-301F-11D3-BF4B-00C04F79EFBC}") = "OpenSim.Region.ClientStack", "OpenSim\Region\ClientStack\OpenSim.Region.ClientStack.csproj", "{F6653B7E-0000-0000-0000-000000000000}"
EndProject
Project("{FAE04EC0-301F-11D3-BF4B-00C04F79EFBC}") = "OpenSim.Region.ClientStack.LindenUDP", "OpenSim\Region\ClientStack\LindenUDP\OpenSim.Region.ClientStack.LindenUDP.csproj", "{E7F1E4AB-0000-0000-0000-000000000000}"
EndProject
Project("{FAE04EC0-301F-11D3-BF4B-00C04F79EFBC}") = "OpenSim.Region.Communications.Hypergrid", "OpenSim\Region\Communications\Hypergrid\OpenSim.Region.Communications.Hypergrid.csproj", "{478C9C0C-0000-0000-0000-000000000000}"
EndProject
Project("{FAE04EC0-301F-11D3-BF4B-00C04F79EFBC}") = "OpenSim.Region.Communications.Local", "OpenSim\Region\Communications\Local\OpenSim.Region.Communications.Local.csproj", "{2D487033-0000-0000-0000-000000000000}"
EndProject
Project("{FAE04EC0-301F-11D3-BF4B-00C04F79EFBC}") = "OpenSim.Region.Communications.OGS1", "OpenSim\Region\Communications\OGS1\OpenSim.Region.Communications.OGS1.csproj", "{420077D8-0000-0000-0000-000000000000}"
EndProject
Project("{FAE04EC0-301F-11D3-BF4B-00C04F79EFBC}") = "OpenSim.Region.CoreModules", "OpenSim\Region\CoreModules\OpenSim.Region.CoreModules.csproj", "{B60B8DCD-0000-0000-0000-000000000000}"
EndProject
Project("{FAE04EC0-301F-11D3-BF4B-00C04F79EFBC}") = "OpenSim.Region.CoreModules.Tests", "OpenSim\Region\CoreModules\OpenSim.Region.CoreModules.Tests.csproj", "{3B99D6D0-0000-0000-0000-000000000000}"
EndProject
Project("{FAE04EC0-301F-11D3-BF4B-00C04F79EFBC}") = "OpenSim.Region.CoreModules.World.Terrain.DefaultEffects", "OpenSim\Region\CoreModules\World\Terrain\DefaultEffects\OpenSim.Region.CoreModules.World.Terrain.DefaultEffects.csproj", "{CE56B4D1-0000-0000-0000-000000000000}"
EndProject
Project("{FAE04EC0-301F-11D3-BF4B-00C04F79EFBC}") = "OpenSim.Region.DataSnapshot", "OpenSim\Region\DataSnapshot\OpenSim.Region.DataSnapshot.csproj", "{B28F08C7-0000-0000-0000-000000000000}"
EndProject
Project("{FAE04EC0-301F-11D3-BF4B-00C04F79EFBC}") = "OpenSim.Region.Examples.SimpleModule", "OpenSim\Region\Examples\SimpleModule\OpenSim.Region.Examples.SimpleModule.csproj", "{AE190782-0000-0000-0000-000000000000}"
EndProject
Project("{FAE04EC0-301F-11D3-BF4B-00C04F79EFBC}") = "OpenSim.Region.Framework", "OpenSim\Region\Framework\OpenSim.Region.Framework.csproj", "{C98F6D97-0000-0000-0000-000000000000}"
EndProject
Project("{FAE04EC0-301F-11D3-BF4B-00C04F79EFBC}") = "OpenSim.Region.Framework.Tests", "OpenSim\Region\Framework\OpenSim.Region.Framework.Tests.csproj", "{BEF3BCBC-0000-0000-0000-000000000000}"
EndProject
Project("{FAE04EC0-301F-11D3-BF4B-00C04F79EFBC}") = "OpenSim.Region.OptionalModules", "OpenSim\Region\OptionalModules\OpenSim.Region.OptionalModules.csproj", "{BAF8E8F2-0000-0000-0000-000000000000}"
EndProject
Project("{FAE04EC0-301F-11D3-BF4B-00C04F79EFBC}") = "OpenSim.Region.Physics.BasicPhysicsPlugin", "OpenSim\Region\Physics\BasicPhysicsPlugin\OpenSim.Region.Physics.BasicPhysicsPlugin.csproj", "{99BF4264-0000-0000-0000-000000000000}"
EndProject
Project("{FAE04EC0-301F-11D3-BF4B-00C04F79EFBC}") = "OpenSim.Region.Physics.BulletDotNETPlugin", "OpenSim\Region\Physics\BulletDotNETPlugin\OpenSim.Region.Physics.BulletDotNETPlugin.csproj", "{240AB309-0000-0000-0000-000000000000}"
EndProject
Project("{FAE04EC0-301F-11D3-BF4B-00C04F79EFBC}") = "OpenSim.Region.Physics.BulletXPlugin", "OpenSim\Region\Physics\BulletXPlugin\OpenSim.Region.Physics.BulletXPlugin.csproj", "{D980C6F9-0000-0000-0000-000000000000}"
EndProject
Project("{FAE04EC0-301F-11D3-BF4B-00C04F79EFBC}") = "OpenSim.Region.Physics.Manager", "OpenSim\Region\Physics\Manager\OpenSim.Region.Physics.Manager.csproj", "{FDCF8D3D-0000-0000-0000-000000000000}"
EndProject
Project("{FAE04EC0-301F-11D3-BF4B-00C04F79EFBC}") = "OpenSim.Region.Physics.Meshing", "OpenSim\Region\Physics\Meshing\OpenSim.Region.Physics.Meshing.csproj", "{3C65EEA1-0000-0000-0000-000000000000}"
EndProject
Project("{FAE04EC0-301F-11D3-BF4B-00C04F79EFBC}") = "OpenSim.Region.Physics.OdePlugin", "OpenSim\Region\Physics\OdePlugin\OpenSim.Region.Physics.OdePlugin.csproj", "{388A2185-0000-0000-0000-000000000000}"
EndProject
Project("{FAE04EC0-301F-11D3-BF4B-00C04F79EFBC}") = "OpenSim.Region.Physics.OdePlugin.Tests", "OpenSim\Region\Physics\OdePlugin\OpenSim.Region.Physics.OdePlugin.Tests.csproj", "{DEE69092-0000-0000-0000-000000000000}"
EndProject
Project("{FAE04EC0-301F-11D3-BF4B-00C04F79EFBC}") = "OpenSim.Region.Physics.PhysXPlugin", "OpenSim\Region\Physics\PhysXPlugin\OpenSim.Region.Physics.PhysXPlugin.csproj", "{83060061-0000-0000-0000-000000000000}"
EndProject
Project("{FAE04EC0-301F-11D3-BF4B-00C04F79EFBC}") = "OpenSim.Region.Physics.POSPlugin", "OpenSim\Region\Physics\POSPlugin\OpenSim.Region.Physics.POSPlugin.csproj", "{DED338E7-0000-0000-0000-000000000000}"
EndProject
Project("{FAE04EC0-301F-11D3-BF4B-00C04F79EFBC}") = "OpenSim.Region.RegionCombinerModule", "OpenSim\Region\RegionCombinerModule\OpenSim.Region.RegionCombinerModule.csproj", "{751E8118-0000-0000-0000-000000000000}"
EndProject
Project("{FAE04EC0-301F-11D3-BF4B-00C04F79EFBC}") = "OpenSim.Region.ScriptEngine.Shared", "OpenSim\Region\ScriptEngine\Shared\OpenSim.Region.ScriptEngine.Shared.csproj", "{F93F91AD-0000-0000-0000-000000000000}"
EndProject
Project("{FAE04EC0-301F-11D3-BF4B-00C04F79EFBC}") = "OpenSim.Region.ScriptEngine.Shared.Api", "OpenSim\Region\ScriptEngine\Shared\Api\Implementation\OpenSim.Region.ScriptEngine.Shared.Api.csproj", "{C18E3417-0000-0000-0000-000000000000}"
EndProject
Project("{FAE04EC0-301F-11D3-BF4B-00C04F79EFBC}") = "OpenSim.Region.ScriptEngine.Shared.Api.Runtime", "OpenSim\Region\ScriptEngine\Shared\Api\Runtime\OpenSim.Region.ScriptEngine.Shared.Api.Runtime.csproj", "{FC92C9C9-0000-0000-0000-000000000000}"
EndProject
Project("{FAE04EC0-301F-11D3-BF4B-00C04F79EFBC}") = "OpenSim.Region.ScriptEngine.Shared.CodeTools", "OpenSim\Region\ScriptEngine\Shared\CodeTools\OpenSim.Region.ScriptEngine.Shared.CodeTools.csproj", "{1A7CAB35-0000-0000-0000-000000000000}"
EndProject
Project("{FAE04EC0-301F-11D3-BF4B-00C04F79EFBC}") = "OpenSim.Region.ScriptEngine.Shared.Instance", "OpenSim\Region\ScriptEngine\Shared\Instance\OpenSim.Region.ScriptEngine.Shared.Instance.csproj", "{B185E548-0000-0000-0000-000000000000}"
EndProject
Project("{FAE04EC0-301F-11D3-BF4B-00C04F79EFBC}") = "OpenSim.Region.ScriptEngine.Shared.YieldProlog", "OpenSim\Region\ScriptEngine\Shared\Api\Runtime\YieldProlog\OpenSim.Region.ScriptEngine.Shared.YieldProlog.csproj", "{774B358F-0000-0000-0000-000000000000}"
EndProject
Project("{FAE04EC0-301F-11D3-BF4B-00C04F79EFBC}") = "OpenSim.Region.ScriptEngine.Tests", "OpenSim\Region\ScriptEngine\OpenSim.Region.ScriptEngine.Tests.csproj", "{CBDD2219-0000-0000-0000-000000000000}"
EndProject
Project("{FAE04EC0-301F-11D3-BF4B-00C04F79EFBC}") = "OpenSim.Region.ScriptEngine.XEngine", "OpenSim\Region\ScriptEngine\XEngine\OpenSim.Region.ScriptEngine.XEngine.csproj", "{798F0488-0000-0000-0000-000000000000}"
EndProject
Project("{FAE04EC0-301F-11D3-BF4B-00C04F79EFBC}") = "OpenSim.Region.UserStatistics", "OpenSim\Region\UserStatistics\OpenSim.Region.UserStatistics.csproj", "{8DCA9CF7-0000-0000-0000-000000000000}"
EndProject
Project("{FAE04EC0-301F-11D3-BF4B-00C04F79EFBC}") = "OpenSim.Server", "OpenSim\Server\OpenSim.Server.csproj", "{65DE7066-0000-0000-0000-000000000000}"
EndProject
Project("{FAE04EC0-301F-11D3-BF4B-00C04F79EFBC}") = "OpenSim.Server.Base", "OpenSim\Server\Base\OpenSim.Server.Base.csproj", "{2E0569BB-0000-0000-0000-000000000000}"
EndProject
Project("{FAE04EC0-301F-11D3-BF4B-00C04F79EFBC}") = "OpenSim.Server.Handlers", "OpenSim\Server\Handlers\OpenSim.Server.Handlers.csproj", "{ED041501-0000-0000-0000-000000000000}"
EndProject
Project("{FAE04EC0-301F-11D3-BF4B-00C04F79EFBC}") = "OpenSim.Services.AssetService", "OpenSim\Services\AssetService\OpenSim.Services.AssetService.csproj", "{7FDD1B76-0000-0000-0000-000000000000}"
EndProject
Project("{FAE04EC0-301F-11D3-BF4B-00C04F79EFBC}") = "OpenSim.Services.AuthenticationService", "OpenSim\Services\AuthenticationService\OpenSim.Services.AuthenticationService.csproj", "{76495B84-0000-0000-0000-000000000000}"
EndProject
Project("{FAE04EC0-301F-11D3-BF4B-00C04F79EFBC}") = "OpenSim.Services.AuthorizationService", "OpenSim\Services\AuthorizationService\OpenSim.Services.AuthorizationService.csproj", "{60CDDAF3-0000-0000-0000-000000000000}"
EndProject
Project("{FAE04EC0-301F-11D3-BF4B-00C04F79EFBC}") = "OpenSim.Services.Base", "OpenSim\Services\Base\OpenSim.Services.Base.csproj", "{A54AE47C-0000-0000-0000-000000000000}"
EndProject
Project("{FAE04EC0-301F-11D3-BF4B-00C04F79EFBC}") = "OpenSim.Services.Connectors", "OpenSim\Services\Connectors\OpenSim.Services.Connectors.csproj", "{B16DF9C1-0000-0000-0000-000000000000}"
EndProject
Project("{FAE04EC0-301F-11D3-BF4B-00C04F79EFBC}") = "OpenSim.Services.FreeswitchService", "OpenSim\Services\FreeswitchService\OpenSim.Services.FreeswitchService.csproj", "{78D8DF46-0000-0000-0000-000000000000}"
EndProject
Project("{FAE04EC0-301F-11D3-BF4B-00C04F79EFBC}") = "OpenSim.Services.GridService", "OpenSim\Services\GridService\OpenSim.Services.GridService.csproj", "{D3312580-0000-0000-0000-000000000000}"
EndProject
Project("{FAE04EC0-301F-11D3-BF4B-00C04F79EFBC}") = "OpenSim.Services.Interfaces", "OpenSim\Services\Interfaces\OpenSim.Services.Interfaces.csproj", "{08ECE473-0000-0000-0000-000000000000}"
EndProject
Project("{FAE04EC0-301F-11D3-BF4B-00C04F79EFBC}") = "OpenSim.Services.InventoryService", "OpenSim\Services\InventoryService\OpenSim.Services.InventoryService.csproj", "{0066981A-0000-0000-0000-000000000000}"
EndProject
Project("{FAE04EC0-301F-11D3-BF4B-00C04F79EFBC}") = "OpenSim.Services.PresenceService", "OpenSim\Services\PresenceService\OpenSim.Services.PresenceService.csproj", "{9A29E8CD-0000-0000-0000-000000000000}"
EndProject
Project("{FAE04EC0-301F-11D3-BF4B-00C04F79EFBC}") = "OpenSim.Services.UserService", "OpenSim\Services\UserService\OpenSim.Services.UserService.csproj", "{AE37B02D-0000-0000-0000-000000000000}"
EndProject
Project("{FAE04EC0-301F-11D3-BF4B-00C04F79EFBC}") = "OpenSim.Tests.Clients.GridClient", "OpenSim\Tests\Clients\Grid\OpenSim.Tests.Clients.GridClient.csproj", "{8C9F71DF-0000-0000-0000-000000000000}"
EndProject
Project("{FAE04EC0-301F-11D3-BF4B-00C04F79EFBC}") = "OpenSim.Tests.Common", "OpenSim\Tests\Common\OpenSim.Tests.Common.csproj", "{CC43930F-0000-0000-0000-000000000000}"
EndProject
Project("{FAE04EC0-301F-11D3-BF4B-00C04F79EFBC}") = "OpenSim.TestSuite", "OpenSim\TestSuite\OpenSim.TestSuite.csproj", "{022C27A5-0000-0000-0000-000000000000}"
EndProject
Project("{FAE04EC0-301F-11D3-BF4B-00C04F79EFBC}") = "OpenSim.Tools.lslc", "OpenSim\Tools\Compiler\OpenSim.Tools.lslc.csproj", "{12EC22DE-0000-0000-0000-000000000000}"
EndProject
Project("{FAE04EC0-301F-11D3-BF4B-00C04F79EFBC}") = "pCampBot", "OpenSim\Tools\pCampBot\pCampBot.csproj", "{AF52AEDC-0000-0000-0000-000000000000}"
EndProject
Project("{FAE04EC0-301F-11D3-BF4B-00C04F79EFBC}") = "SmartThreadPool", "ThirdParty\SmartThreadPool\SmartThreadPool.csproj", "{8C618053-0000-0000-0000-000000000000}"
EndProject
Global
	GlobalSection(SolutionConfigurationPlatforms) = preSolution
		Debug|Any CPU = Debug|Any CPU
		Release|Any CPU = Release|Any CPU
	EndGlobalSection
	GlobalSection(ProjectConfigurationPlatforms) = postSolution
		{AC9EB8AB-0000-0000-0000-000000000000}.Debug|Any CPU.ActiveCfg = Debug|Any CPU
		{AC9EB8AB-0000-0000-0000-000000000000}.Debug|Any CPU.Build.0 = Debug|Any CPU
		{AC9EB8AB-0000-0000-0000-000000000000}.Release|Any CPU.ActiveCfg = Release|Any CPU
		{AC9EB8AB-0000-0000-0000-000000000000}.Release|Any CPU.Build.0 = Release|Any CPU
		{A7C552E7-0000-0000-0000-000000000000}.Debug|Any CPU.ActiveCfg = Debug|Any CPU
		{A7C552E7-0000-0000-0000-000000000000}.Debug|Any CPU.Build.0 = Debug|Any CPU
		{A7C552E7-0000-0000-0000-000000000000}.Release|Any CPU.ActiveCfg = Release|Any CPU
		{A7C552E7-0000-0000-0000-000000000000}.Release|Any CPU.Build.0 = Release|Any CPU
		{E4BEC9DC-0000-0000-0000-000000000000}.Debug|Any CPU.ActiveCfg = Debug|Any CPU
		{E4BEC9DC-0000-0000-0000-000000000000}.Debug|Any CPU.Build.0 = Debug|Any CPU
		{E4BEC9DC-0000-0000-0000-000000000000}.Release|Any CPU.ActiveCfg = Release|Any CPU
		{E4BEC9DC-0000-0000-0000-000000000000}.Release|Any CPU.Build.0 = Release|Any CPU
		{9EC3C654-0000-0000-0000-000000000000}.Debug|Any CPU.ActiveCfg = Debug|Any CPU
		{9EC3C654-0000-0000-0000-000000000000}.Debug|Any CPU.Build.0 = Debug|Any CPU
		{9EC3C654-0000-0000-0000-000000000000}.Release|Any CPU.ActiveCfg = Release|Any CPU
		{9EC3C654-0000-0000-0000-000000000000}.Release|Any CPU.Build.0 = Release|Any CPU
		{B6A4EEC3-0000-0000-0000-000000000000}.Debug|Any CPU.ActiveCfg = Debug|Any CPU
		{B6A4EEC3-0000-0000-0000-000000000000}.Debug|Any CPU.Build.0 = Debug|Any CPU
		{B6A4EEC3-0000-0000-0000-000000000000}.Release|Any CPU.ActiveCfg = Release|Any CPU
		{B6A4EEC3-0000-0000-0000-000000000000}.Release|Any CPU.Build.0 = Release|Any CPU
		{6C74BE73-0000-0000-0000-000000000000}.Debug|Any CPU.ActiveCfg = Debug|Any CPU
		{6C74BE73-0000-0000-0000-000000000000}.Debug|Any CPU.Build.0 = Debug|Any CPU
		{6C74BE73-0000-0000-0000-000000000000}.Release|Any CPU.ActiveCfg = Release|Any CPU
		{6C74BE73-0000-0000-0000-000000000000}.Release|Any CPU.Build.0 = Release|Any CPU
		{19D434AB-0000-0000-0000-000000000000}.Debug|Any CPU.ActiveCfg = Debug|Any CPU
		{19D434AB-0000-0000-0000-000000000000}.Debug|Any CPU.Build.0 = Debug|Any CPU
		{19D434AB-0000-0000-0000-000000000000}.Release|Any CPU.ActiveCfg = Release|Any CPU
		{19D434AB-0000-0000-0000-000000000000}.Release|Any CPU.Build.0 = Release|Any CPU
		{CFB325AE-0000-0000-0000-000000000000}.Debug|Any CPU.ActiveCfg = Debug|Any CPU
		{CFB325AE-0000-0000-0000-000000000000}.Debug|Any CPU.Build.0 = Debug|Any CPU
		{CFB325AE-0000-0000-0000-000000000000}.Release|Any CPU.ActiveCfg = Release|Any CPU
		{CFB325AE-0000-0000-0000-000000000000}.Release|Any CPU.Build.0 = Release|Any CPU
		{C0216636-0000-0000-0000-000000000000}.Debug|Any CPU.ActiveCfg = Debug|Any CPU
		{C0216636-0000-0000-0000-000000000000}.Debug|Any CPU.Build.0 = Debug|Any CPU
		{C0216636-0000-0000-0000-000000000000}.Release|Any CPU.ActiveCfg = Release|Any CPU
		{C0216636-0000-0000-0000-000000000000}.Release|Any CPU.Build.0 = Release|Any CPU
		{2A3F276F-0000-0000-0000-000000000000}.Debug|Any CPU.ActiveCfg = Debug|Any CPU
		{2A3F276F-0000-0000-0000-000000000000}.Debug|Any CPU.Build.0 = Debug|Any CPU
		{2A3F276F-0000-0000-0000-000000000000}.Release|Any CPU.ActiveCfg = Release|Any CPU
		{2A3F276F-0000-0000-0000-000000000000}.Release|Any CPU.Build.0 = Release|Any CPU
		{F3EC08BC-0000-0000-0000-000000000000}.Debug|Any CPU.ActiveCfg = Debug|Any CPU
		{F3EC08BC-0000-0000-0000-000000000000}.Debug|Any CPU.Build.0 = Debug|Any CPU
		{F3EC08BC-0000-0000-0000-000000000000}.Release|Any CPU.ActiveCfg = Release|Any CPU
		{F3EC08BC-0000-0000-0000-000000000000}.Release|Any CPU.Build.0 = Release|Any CPU
		{CB348113-0000-0000-0000-000000000000}.Debug|Any CPU.ActiveCfg = Debug|Any CPU
		{CB348113-0000-0000-0000-000000000000}.Debug|Any CPU.Build.0 = Debug|Any CPU
		{CB348113-0000-0000-0000-000000000000}.Release|Any CPU.ActiveCfg = Release|Any CPU
		{CB348113-0000-0000-0000-000000000000}.Release|Any CPU.Build.0 = Release|Any CPU
		{7E218E2D-0000-0000-0000-000000000000}.Debug|Any CPU.ActiveCfg = Debug|Any CPU
		{7E218E2D-0000-0000-0000-000000000000}.Debug|Any CPU.Build.0 = Debug|Any CPU
		{7E218E2D-0000-0000-0000-000000000000}.Release|Any CPU.ActiveCfg = Release|Any CPU
		{7E218E2D-0000-0000-0000-000000000000}.Release|Any CPU.Build.0 = Release|Any CPU
		{1E894AF3-0000-0000-0000-000000000000}.Debug|Any CPU.ActiveCfg = Debug|Any CPU
		{1E894AF3-0000-0000-0000-000000000000}.Debug|Any CPU.Build.0 = Debug|Any CPU
		{1E894AF3-0000-0000-0000-000000000000}.Release|Any CPU.ActiveCfg = Release|Any CPU
		{1E894AF3-0000-0000-0000-000000000000}.Release|Any CPU.Build.0 = Release|Any CPU
		{1E894ECD-0000-0000-0000-000000000000}.Debug|Any CPU.ActiveCfg = Debug|Any CPU
		{1E894ECD-0000-0000-0000-000000000000}.Debug|Any CPU.Build.0 = Debug|Any CPU
		{1E894ECD-0000-0000-0000-000000000000}.Release|Any CPU.ActiveCfg = Release|Any CPU
		{1E894ECD-0000-0000-0000-000000000000}.Release|Any CPU.Build.0 = Release|Any CPU
		{C72BE9DA-0000-0000-0000-000000000000}.Debug|Any CPU.ActiveCfg = Debug|Any CPU
		{C72BE9DA-0000-0000-0000-000000000000}.Debug|Any CPU.Build.0 = Debug|Any CPU
		{C72BE9DA-0000-0000-0000-000000000000}.Release|Any CPU.ActiveCfg = Release|Any CPU
		{C72BE9DA-0000-0000-0000-000000000000}.Release|Any CPU.Build.0 = Release|Any CPU
		{8D314DCC-0000-0000-0000-000000000000}.Debug|Any CPU.ActiveCfg = Debug|Any CPU
		{8D314DCC-0000-0000-0000-000000000000}.Debug|Any CPU.Build.0 = Debug|Any CPU
		{8D314DCC-0000-0000-0000-000000000000}.Release|Any CPU.ActiveCfg = Release|Any CPU
		{8D314DCC-0000-0000-0000-000000000000}.Release|Any CPU.Build.0 = Release|Any CPU
		{675096A5-0000-0000-0000-000000000000}.Debug|Any CPU.ActiveCfg = Debug|Any CPU
		{675096A5-0000-0000-0000-000000000000}.Debug|Any CPU.Build.0 = Debug|Any CPU
		{675096A5-0000-0000-0000-000000000000}.Release|Any CPU.ActiveCfg = Release|Any CPU
		{675096A5-0000-0000-0000-000000000000}.Release|Any CPU.Build.0 = Release|Any CPU
		{0D36C8EE-0000-0000-0000-000000000000}.Debug|Any CPU.ActiveCfg = Debug|Any CPU
		{0D36C8EE-0000-0000-0000-000000000000}.Debug|Any CPU.Build.0 = Debug|Any CPU
		{0D36C8EE-0000-0000-0000-000000000000}.Release|Any CPU.ActiveCfg = Release|Any CPU
		{0D36C8EE-0000-0000-0000-000000000000}.Release|Any CPU.Build.0 = Release|Any CPU
		{37FD59A6-0000-0000-0000-000000000000}.Debug|Any CPU.ActiveCfg = Debug|Any CPU
		{37FD59A6-0000-0000-0000-000000000000}.Debug|Any CPU.Build.0 = Debug|Any CPU
		{37FD59A6-0000-0000-0000-000000000000}.Release|Any CPU.ActiveCfg = Release|Any CPU
		{37FD59A6-0000-0000-0000-000000000000}.Release|Any CPU.Build.0 = Release|Any CPU
		{BCCDBB55-0000-0000-0000-000000000000}.Debug|Any CPU.ActiveCfg = Debug|Any CPU
		{BCCDBB55-0000-0000-0000-000000000000}.Debug|Any CPU.Build.0 = Debug|Any CPU
		{BCCDBB55-0000-0000-0000-000000000000}.Release|Any CPU.ActiveCfg = Release|Any CPU
		{BCCDBB55-0000-0000-0000-000000000000}.Release|Any CPU.Build.0 = Release|Any CPU
		{384A4FAB-0000-0000-0000-000000000000}.Debug|Any CPU.ActiveCfg = Debug|Any CPU
		{384A4FAB-0000-0000-0000-000000000000}.Debug|Any CPU.Build.0 = Debug|Any CPU
		{384A4FAB-0000-0000-0000-000000000000}.Release|Any CPU.ActiveCfg = Release|Any CPU
		{384A4FAB-0000-0000-0000-000000000000}.Release|Any CPU.Build.0 = Release|Any CPU
		{164C7555-0000-0000-0000-000000000000}.Debug|Any CPU.ActiveCfg = Debug|Any CPU
		{164C7555-0000-0000-0000-000000000000}.Debug|Any CPU.Build.0 = Debug|Any CPU
		{164C7555-0000-0000-0000-000000000000}.Release|Any CPU.ActiveCfg = Release|Any CPU
		{164C7555-0000-0000-0000-000000000000}.Release|Any CPU.Build.0 = Release|Any CPU
		{663117AE-0000-0000-0000-000000000000}.Debug|Any CPU.ActiveCfg = Debug|Any CPU
		{663117AE-0000-0000-0000-000000000000}.Debug|Any CPU.Build.0 = Debug|Any CPU
		{663117AE-0000-0000-0000-000000000000}.Release|Any CPU.ActiveCfg = Release|Any CPU
		{663117AE-0000-0000-0000-000000000000}.Release|Any CPU.Build.0 = Release|Any CPU
		{AF9A2423-0000-0000-0000-000000000000}.Debug|Any CPU.ActiveCfg = Debug|Any CPU
		{AF9A2423-0000-0000-0000-000000000000}.Debug|Any CPU.Build.0 = Debug|Any CPU
		{AF9A2423-0000-0000-0000-000000000000}.Release|Any CPU.ActiveCfg = Release|Any CPU
		{AF9A2423-0000-0000-0000-000000000000}.Release|Any CPU.Build.0 = Release|Any CPU
		{604890B5-0000-0000-0000-000000000000}.Debug|Any CPU.ActiveCfg = Debug|Any CPU
		{604890B5-0000-0000-0000-000000000000}.Debug|Any CPU.Build.0 = Debug|Any CPU
		{604890B5-0000-0000-0000-000000000000}.Release|Any CPU.ActiveCfg = Release|Any CPU
		{604890B5-0000-0000-0000-000000000000}.Release|Any CPU.Build.0 = Release|Any CPU
		{8B8C8A90-0000-0000-0000-000000000000}.Debug|Any CPU.ActiveCfg = Debug|Any CPU
		{8B8C8A90-0000-0000-0000-000000000000}.Debug|Any CPU.Build.0 = Debug|Any CPU
		{8B8C8A90-0000-0000-0000-000000000000}.Release|Any CPU.ActiveCfg = Release|Any CPU
		{8B8C8A90-0000-0000-0000-000000000000}.Release|Any CPU.Build.0 = Release|Any CPU
		{0ED8EBE8-0000-0000-0000-000000000000}.Debug|Any CPU.ActiveCfg = Debug|Any CPU
		{0ED8EBE8-0000-0000-0000-000000000000}.Debug|Any CPU.Build.0 = Debug|Any CPU
		{0ED8EBE8-0000-0000-0000-000000000000}.Release|Any CPU.ActiveCfg = Release|Any CPU
		{0ED8EBE8-0000-0000-0000-000000000000}.Release|Any CPU.Build.0 = Release|Any CPU
		{75D4AD13-0000-0000-0000-000000000000}.Debug|Any CPU.ActiveCfg = Debug|Any CPU
		{75D4AD13-0000-0000-0000-000000000000}.Debug|Any CPU.Build.0 = Debug|Any CPU
		{75D4AD13-0000-0000-0000-000000000000}.Release|Any CPU.ActiveCfg = Release|Any CPU
		{75D4AD13-0000-0000-0000-000000000000}.Release|Any CPU.Build.0 = Release|Any CPU
		{B75F4E8C-0000-0000-0000-000000000000}.Debug|Any CPU.ActiveCfg = Debug|Any CPU
		{B75F4E8C-0000-0000-0000-000000000000}.Debug|Any CPU.Build.0 = Debug|Any CPU
		{B75F4E8C-0000-0000-0000-000000000000}.Release|Any CPU.ActiveCfg = Release|Any CPU
		{B75F4E8C-0000-0000-0000-000000000000}.Release|Any CPU.Build.0 = Release|Any CPU
		{BD63E665-0000-0000-0000-000000000000}.Debug|Any CPU.ActiveCfg = Debug|Any CPU
		{BD63E665-0000-0000-0000-000000000000}.Debug|Any CPU.Build.0 = Debug|Any CPU
		{BD63E665-0000-0000-0000-000000000000}.Release|Any CPU.ActiveCfg = Release|Any CPU
		{BD63E665-0000-0000-0000-000000000000}.Release|Any CPU.Build.0 = Release|Any CPU
		{B3B5B07A-0000-0000-0000-000000000000}.Debug|Any CPU.ActiveCfg = Debug|Any CPU
		{B3B5B07A-0000-0000-0000-000000000000}.Debug|Any CPU.Build.0 = Debug|Any CPU
		{B3B5B07A-0000-0000-0000-000000000000}.Release|Any CPU.ActiveCfg = Release|Any CPU
		{B3B5B07A-0000-0000-0000-000000000000}.Release|Any CPU.Build.0 = Release|Any CPU
		{726D540D-0000-0000-0000-000000000000}.Debug|Any CPU.ActiveCfg = Debug|Any CPU
		{726D540D-0000-0000-0000-000000000000}.Debug|Any CPU.Build.0 = Debug|Any CPU
		{726D540D-0000-0000-0000-000000000000}.Release|Any CPU.ActiveCfg = Release|Any CPU
		{726D540D-0000-0000-0000-000000000000}.Release|Any CPU.Build.0 = Release|Any CPU
		{159EC5C2-0000-0000-0000-000000000000}.Debug|Any CPU.ActiveCfg = Debug|Any CPU
		{159EC5C2-0000-0000-0000-000000000000}.Debug|Any CPU.Build.0 = Debug|Any CPU
		{159EC5C2-0000-0000-0000-000000000000}.Release|Any CPU.ActiveCfg = Release|Any CPU
		{159EC5C2-0000-0000-0000-000000000000}.Release|Any CPU.Build.0 = Release|Any CPU
		{743E90C2-0000-0000-0000-000000000000}.Debug|Any CPU.ActiveCfg = Debug|Any CPU
		{743E90C2-0000-0000-0000-000000000000}.Debug|Any CPU.Build.0 = Debug|Any CPU
		{743E90C2-0000-0000-0000-000000000000}.Release|Any CPU.ActiveCfg = Release|Any CPU
		{743E90C2-0000-0000-0000-000000000000}.Release|Any CPU.Build.0 = Release|Any CPU
		{9E387B00-0000-0000-0000-000000000000}.Debug|Any CPU.ActiveCfg = Debug|Any CPU
		{9E387B00-0000-0000-0000-000000000000}.Debug|Any CPU.Build.0 = Debug|Any CPU
		{9E387B00-0000-0000-0000-000000000000}.Release|Any CPU.ActiveCfg = Release|Any CPU
		{9E387B00-0000-0000-0000-000000000000}.Release|Any CPU.Build.0 = Release|Any CPU
		{FA62D900-0000-0000-0000-000000000000}.Debug|Any CPU.ActiveCfg = Debug|Any CPU
		{FA62D900-0000-0000-0000-000000000000}.Debug|Any CPU.Build.0 = Debug|Any CPU
		{FA62D900-0000-0000-0000-000000000000}.Release|Any CPU.ActiveCfg = Release|Any CPU
		{FA62D900-0000-0000-0000-000000000000}.Release|Any CPU.Build.0 = Release|Any CPU
		{3F9E1E88-0000-0000-0000-000000000000}.Debug|Any CPU.ActiveCfg = Debug|Any CPU
		{3F9E1E88-0000-0000-0000-000000000000}.Debug|Any CPU.Build.0 = Debug|Any CPU
		{3F9E1E88-0000-0000-0000-000000000000}.Release|Any CPU.ActiveCfg = Release|Any CPU
		{3F9E1E88-0000-0000-0000-000000000000}.Release|Any CPU.Build.0 = Release|Any CPU
		{A1A8DB47-0000-0000-0000-000000000000}.Debug|Any CPU.ActiveCfg = Debug|Any CPU
		{A1A8DB47-0000-0000-0000-000000000000}.Debug|Any CPU.Build.0 = Debug|Any CPU
		{A1A8DB47-0000-0000-0000-000000000000}.Release|Any CPU.ActiveCfg = Release|Any CPU
		{A1A8DB47-0000-0000-0000-000000000000}.Release|Any CPU.Build.0 = Release|Any CPU
		{66891B26-0000-0000-0000-000000000000}.Debug|Any CPU.ActiveCfg = Debug|Any CPU
		{66891B26-0000-0000-0000-000000000000}.Debug|Any CPU.Build.0 = Debug|Any CPU
		{66891B26-0000-0000-0000-000000000000}.Release|Any CPU.ActiveCfg = Release|Any CPU
		{66891B26-0000-0000-0000-000000000000}.Release|Any CPU.Build.0 = Release|Any CPU
		{830DDC85-0000-0000-0000-000000000000}.Debug|Any CPU.ActiveCfg = Debug|Any CPU
		{830DDC85-0000-0000-0000-000000000000}.Debug|Any CPU.Build.0 = Debug|Any CPU
		{830DDC85-0000-0000-0000-000000000000}.Release|Any CPU.ActiveCfg = Release|Any CPU
		{830DDC85-0000-0000-0000-000000000000}.Release|Any CPU.Build.0 = Release|Any CPU
		{5F527C2C-0000-0000-0000-000000000000}.Debug|Any CPU.ActiveCfg = Debug|Any CPU
		{5F527C2C-0000-0000-0000-000000000000}.Debug|Any CPU.Build.0 = Debug|Any CPU
		{5F527C2C-0000-0000-0000-000000000000}.Release|Any CPU.ActiveCfg = Release|Any CPU
		{5F527C2C-0000-0000-0000-000000000000}.Release|Any CPU.Build.0 = Release|Any CPU
		{A1141017-0000-0000-0000-000000000000}.Debug|Any CPU.ActiveCfg = Debug|Any CPU
		{A1141017-0000-0000-0000-000000000000}.Debug|Any CPU.Build.0 = Debug|Any CPU
		{A1141017-0000-0000-0000-000000000000}.Release|Any CPU.ActiveCfg = Release|Any CPU
		{A1141017-0000-0000-0000-000000000000}.Release|Any CPU.Build.0 = Release|Any CPU
		{BCD77D47-0000-0000-0000-000000000000}.Debug|Any CPU.ActiveCfg = Debug|Any CPU
		{BCD77D47-0000-0000-0000-000000000000}.Debug|Any CPU.Build.0 = Debug|Any CPU
		{BCD77D47-0000-0000-0000-000000000000}.Release|Any CPU.ActiveCfg = Release|Any CPU
		{BCD77D47-0000-0000-0000-000000000000}.Release|Any CPU.Build.0 = Release|Any CPU
		{3FE314F2-0000-0000-0000-000000000000}.Debug|Any CPU.ActiveCfg = Debug|Any CPU
		{3FE314F2-0000-0000-0000-000000000000}.Debug|Any CPU.Build.0 = Debug|Any CPU
		{3FE314F2-0000-0000-0000-000000000000}.Release|Any CPU.ActiveCfg = Release|Any CPU
		{3FE314F2-0000-0000-0000-000000000000}.Release|Any CPU.Build.0 = Release|Any CPU
		{F6653B7E-0000-0000-0000-000000000000}.Debug|Any CPU.ActiveCfg = Debug|Any CPU
		{F6653B7E-0000-0000-0000-000000000000}.Debug|Any CPU.Build.0 = Debug|Any CPU
		{F6653B7E-0000-0000-0000-000000000000}.Release|Any CPU.ActiveCfg = Release|Any CPU
		{F6653B7E-0000-0000-0000-000000000000}.Release|Any CPU.Build.0 = Release|Any CPU
		{E7F1E4AB-0000-0000-0000-000000000000}.Debug|Any CPU.ActiveCfg = Debug|Any CPU
		{E7F1E4AB-0000-0000-0000-000000000000}.Debug|Any CPU.Build.0 = Debug|Any CPU
		{E7F1E4AB-0000-0000-0000-000000000000}.Release|Any CPU.ActiveCfg = Release|Any CPU
		{E7F1E4AB-0000-0000-0000-000000000000}.Release|Any CPU.Build.0 = Release|Any CPU
		{478C9C0C-0000-0000-0000-000000000000}.Debug|Any CPU.ActiveCfg = Debug|Any CPU
		{478C9C0C-0000-0000-0000-000000000000}.Debug|Any CPU.Build.0 = Debug|Any CPU
		{478C9C0C-0000-0000-0000-000000000000}.Release|Any CPU.ActiveCfg = Release|Any CPU
		{478C9C0C-0000-0000-0000-000000000000}.Release|Any CPU.Build.0 = Release|Any CPU
		{2D487033-0000-0000-0000-000000000000}.Debug|Any CPU.ActiveCfg = Debug|Any CPU
		{2D487033-0000-0000-0000-000000000000}.Debug|Any CPU.Build.0 = Debug|Any CPU
		{2D487033-0000-0000-0000-000000000000}.Release|Any CPU.ActiveCfg = Release|Any CPU
		{2D487033-0000-0000-0000-000000000000}.Release|Any CPU.Build.0 = Release|Any CPU
		{420077D8-0000-0000-0000-000000000000}.Debug|Any CPU.ActiveCfg = Debug|Any CPU
		{420077D8-0000-0000-0000-000000000000}.Debug|Any CPU.Build.0 = Debug|Any CPU
		{420077D8-0000-0000-0000-000000000000}.Release|Any CPU.ActiveCfg = Release|Any CPU
		{420077D8-0000-0000-0000-000000000000}.Release|Any CPU.Build.0 = Release|Any CPU
		{B60B8DCD-0000-0000-0000-000000000000}.Debug|Any CPU.ActiveCfg = Debug|Any CPU
		{B60B8DCD-0000-0000-0000-000000000000}.Debug|Any CPU.Build.0 = Debug|Any CPU
		{B60B8DCD-0000-0000-0000-000000000000}.Release|Any CPU.ActiveCfg = Release|Any CPU
		{B60B8DCD-0000-0000-0000-000000000000}.Release|Any CPU.Build.0 = Release|Any CPU
		{3B99D6D0-0000-0000-0000-000000000000}.Debug|Any CPU.ActiveCfg = Debug|Any CPU
		{3B99D6D0-0000-0000-0000-000000000000}.Debug|Any CPU.Build.0 = Debug|Any CPU
		{3B99D6D0-0000-0000-0000-000000000000}.Release|Any CPU.ActiveCfg = Release|Any CPU
		{3B99D6D0-0000-0000-0000-000000000000}.Release|Any CPU.Build.0 = Release|Any CPU
		{CE56B4D1-0000-0000-0000-000000000000}.Debug|Any CPU.ActiveCfg = Debug|Any CPU
		{CE56B4D1-0000-0000-0000-000000000000}.Debug|Any CPU.Build.0 = Debug|Any CPU
		{CE56B4D1-0000-0000-0000-000000000000}.Release|Any CPU.ActiveCfg = Release|Any CPU
		{CE56B4D1-0000-0000-0000-000000000000}.Release|Any CPU.Build.0 = Release|Any CPU
		{B28F08C7-0000-0000-0000-000000000000}.Debug|Any CPU.ActiveCfg = Debug|Any CPU
		{B28F08C7-0000-0000-0000-000000000000}.Debug|Any CPU.Build.0 = Debug|Any CPU
		{B28F08C7-0000-0000-0000-000000000000}.Release|Any CPU.ActiveCfg = Release|Any CPU
		{B28F08C7-0000-0000-0000-000000000000}.Release|Any CPU.Build.0 = Release|Any CPU
		{AE190782-0000-0000-0000-000000000000}.Debug|Any CPU.ActiveCfg = Debug|Any CPU
		{AE190782-0000-0000-0000-000000000000}.Debug|Any CPU.Build.0 = Debug|Any CPU
		{AE190782-0000-0000-0000-000000000000}.Release|Any CPU.ActiveCfg = Release|Any CPU
		{AE190782-0000-0000-0000-000000000000}.Release|Any CPU.Build.0 = Release|Any CPU
		{C98F6D97-0000-0000-0000-000000000000}.Debug|Any CPU.ActiveCfg = Debug|Any CPU
		{C98F6D97-0000-0000-0000-000000000000}.Debug|Any CPU.Build.0 = Debug|Any CPU
		{C98F6D97-0000-0000-0000-000000000000}.Release|Any CPU.ActiveCfg = Release|Any CPU
		{C98F6D97-0000-0000-0000-000000000000}.Release|Any CPU.Build.0 = Release|Any CPU
		{BEF3BCBC-0000-0000-0000-000000000000}.Debug|Any CPU.ActiveCfg = Debug|Any CPU
		{BEF3BCBC-0000-0000-0000-000000000000}.Debug|Any CPU.Build.0 = Debug|Any CPU
		{BEF3BCBC-0000-0000-0000-000000000000}.Release|Any CPU.ActiveCfg = Release|Any CPU
		{BEF3BCBC-0000-0000-0000-000000000000}.Release|Any CPU.Build.0 = Release|Any CPU
		{BAF8E8F2-0000-0000-0000-000000000000}.Debug|Any CPU.ActiveCfg = Debug|Any CPU
		{BAF8E8F2-0000-0000-0000-000000000000}.Debug|Any CPU.Build.0 = Debug|Any CPU
		{BAF8E8F2-0000-0000-0000-000000000000}.Release|Any CPU.ActiveCfg = Release|Any CPU
		{BAF8E8F2-0000-0000-0000-000000000000}.Release|Any CPU.Build.0 = Release|Any CPU
		{99BF4264-0000-0000-0000-000000000000}.Debug|Any CPU.ActiveCfg = Debug|Any CPU
		{99BF4264-0000-0000-0000-000000000000}.Debug|Any CPU.Build.0 = Debug|Any CPU
		{99BF4264-0000-0000-0000-000000000000}.Release|Any CPU.ActiveCfg = Release|Any CPU
		{99BF4264-0000-0000-0000-000000000000}.Release|Any CPU.Build.0 = Release|Any CPU
		{240AB309-0000-0000-0000-000000000000}.Debug|Any CPU.ActiveCfg = Debug|Any CPU
		{240AB309-0000-0000-0000-000000000000}.Debug|Any CPU.Build.0 = Debug|Any CPU
		{240AB309-0000-0000-0000-000000000000}.Release|Any CPU.ActiveCfg = Release|Any CPU
		{240AB309-0000-0000-0000-000000000000}.Release|Any CPU.Build.0 = Release|Any CPU
		{D980C6F9-0000-0000-0000-000000000000}.Debug|Any CPU.ActiveCfg = Debug|Any CPU
		{D980C6F9-0000-0000-0000-000000000000}.Debug|Any CPU.Build.0 = Debug|Any CPU
		{D980C6F9-0000-0000-0000-000000000000}.Release|Any CPU.ActiveCfg = Release|Any CPU
		{D980C6F9-0000-0000-0000-000000000000}.Release|Any CPU.Build.0 = Release|Any CPU
		{FDCF8D3D-0000-0000-0000-000000000000}.Debug|Any CPU.ActiveCfg = Debug|Any CPU
		{FDCF8D3D-0000-0000-0000-000000000000}.Debug|Any CPU.Build.0 = Debug|Any CPU
		{FDCF8D3D-0000-0000-0000-000000000000}.Release|Any CPU.ActiveCfg = Release|Any CPU
		{FDCF8D3D-0000-0000-0000-000000000000}.Release|Any CPU.Build.0 = Release|Any CPU
		{3C65EEA1-0000-0000-0000-000000000000}.Debug|Any CPU.ActiveCfg = Debug|Any CPU
		{3C65EEA1-0000-0000-0000-000000000000}.Debug|Any CPU.Build.0 = Debug|Any CPU
		{3C65EEA1-0000-0000-0000-000000000000}.Release|Any CPU.ActiveCfg = Release|Any CPU
		{3C65EEA1-0000-0000-0000-000000000000}.Release|Any CPU.Build.0 = Release|Any CPU
		{388A2185-0000-0000-0000-000000000000}.Debug|Any CPU.ActiveCfg = Debug|Any CPU
		{388A2185-0000-0000-0000-000000000000}.Debug|Any CPU.Build.0 = Debug|Any CPU
		{388A2185-0000-0000-0000-000000000000}.Release|Any CPU.ActiveCfg = Release|Any CPU
		{388A2185-0000-0000-0000-000000000000}.Release|Any CPU.Build.0 = Release|Any CPU
		{DEE69092-0000-0000-0000-000000000000}.Debug|Any CPU.ActiveCfg = Debug|Any CPU
		{DEE69092-0000-0000-0000-000000000000}.Debug|Any CPU.Build.0 = Debug|Any CPU
		{DEE69092-0000-0000-0000-000000000000}.Release|Any CPU.ActiveCfg = Release|Any CPU
		{DEE69092-0000-0000-0000-000000000000}.Release|Any CPU.Build.0 = Release|Any CPU
		{83060061-0000-0000-0000-000000000000}.Debug|Any CPU.ActiveCfg = Debug|Any CPU
		{83060061-0000-0000-0000-000000000000}.Debug|Any CPU.Build.0 = Debug|Any CPU
		{83060061-0000-0000-0000-000000000000}.Release|Any CPU.ActiveCfg = Release|Any CPU
		{83060061-0000-0000-0000-000000000000}.Release|Any CPU.Build.0 = Release|Any CPU
		{DED338E7-0000-0000-0000-000000000000}.Debug|Any CPU.ActiveCfg = Debug|Any CPU
		{DED338E7-0000-0000-0000-000000000000}.Debug|Any CPU.Build.0 = Debug|Any CPU
		{DED338E7-0000-0000-0000-000000000000}.Release|Any CPU.ActiveCfg = Release|Any CPU
		{DED338E7-0000-0000-0000-000000000000}.Release|Any CPU.Build.0 = Release|Any CPU
		{751E8118-0000-0000-0000-000000000000}.Debug|Any CPU.ActiveCfg = Debug|Any CPU
		{751E8118-0000-0000-0000-000000000000}.Debug|Any CPU.Build.0 = Debug|Any CPU
		{751E8118-0000-0000-0000-000000000000}.Release|Any CPU.ActiveCfg = Release|Any CPU
		{751E8118-0000-0000-0000-000000000000}.Release|Any CPU.Build.0 = Release|Any CPU
		{F93F91AD-0000-0000-0000-000000000000}.Debug|Any CPU.ActiveCfg = Debug|Any CPU
		{F93F91AD-0000-0000-0000-000000000000}.Debug|Any CPU.Build.0 = Debug|Any CPU
		{F93F91AD-0000-0000-0000-000000000000}.Release|Any CPU.ActiveCfg = Release|Any CPU
		{F93F91AD-0000-0000-0000-000000000000}.Release|Any CPU.Build.0 = Release|Any CPU
		{C18E3417-0000-0000-0000-000000000000}.Debug|Any CPU.ActiveCfg = Debug|Any CPU
		{C18E3417-0000-0000-0000-000000000000}.Debug|Any CPU.Build.0 = Debug|Any CPU
		{C18E3417-0000-0000-0000-000000000000}.Release|Any CPU.ActiveCfg = Release|Any CPU
		{C18E3417-0000-0000-0000-000000000000}.Release|Any CPU.Build.0 = Release|Any CPU
		{FC92C9C9-0000-0000-0000-000000000000}.Debug|Any CPU.ActiveCfg = Debug|Any CPU
		{FC92C9C9-0000-0000-0000-000000000000}.Debug|Any CPU.Build.0 = Debug|Any CPU
		{FC92C9C9-0000-0000-0000-000000000000}.Release|Any CPU.ActiveCfg = Release|Any CPU
		{FC92C9C9-0000-0000-0000-000000000000}.Release|Any CPU.Build.0 = Release|Any CPU
		{1A7CAB35-0000-0000-0000-000000000000}.Debug|Any CPU.ActiveCfg = Debug|Any CPU
		{1A7CAB35-0000-0000-0000-000000000000}.Debug|Any CPU.Build.0 = Debug|Any CPU
		{1A7CAB35-0000-0000-0000-000000000000}.Release|Any CPU.ActiveCfg = Release|Any CPU
		{1A7CAB35-0000-0000-0000-000000000000}.Release|Any CPU.Build.0 = Release|Any CPU
		{B185E548-0000-0000-0000-000000000000}.Debug|Any CPU.ActiveCfg = Debug|Any CPU
		{B185E548-0000-0000-0000-000000000000}.Debug|Any CPU.Build.0 = Debug|Any CPU
		{B185E548-0000-0000-0000-000000000000}.Release|Any CPU.ActiveCfg = Release|Any CPU
		{B185E548-0000-0000-0000-000000000000}.Release|Any CPU.Build.0 = Release|Any CPU
		{774B358F-0000-0000-0000-000000000000}.Debug|Any CPU.ActiveCfg = Debug|Any CPU
		{774B358F-0000-0000-0000-000000000000}.Debug|Any CPU.Build.0 = Debug|Any CPU
		{774B358F-0000-0000-0000-000000000000}.Release|Any CPU.ActiveCfg = Release|Any CPU
		{774B358F-0000-0000-0000-000000000000}.Release|Any CPU.Build.0 = Release|Any CPU
		{CBDD2219-0000-0000-0000-000000000000}.Debug|Any CPU.ActiveCfg = Debug|Any CPU
		{CBDD2219-0000-0000-0000-000000000000}.Debug|Any CPU.Build.0 = Debug|Any CPU
		{CBDD2219-0000-0000-0000-000000000000}.Release|Any CPU.ActiveCfg = Release|Any CPU
		{CBDD2219-0000-0000-0000-000000000000}.Release|Any CPU.Build.0 = Release|Any CPU
		{798F0488-0000-0000-0000-000000000000}.Debug|Any CPU.ActiveCfg = Debug|Any CPU
		{798F0488-0000-0000-0000-000000000000}.Debug|Any CPU.Build.0 = Debug|Any CPU
		{798F0488-0000-0000-0000-000000000000}.Release|Any CPU.ActiveCfg = Release|Any CPU
		{798F0488-0000-0000-0000-000000000000}.Release|Any CPU.Build.0 = Release|Any CPU
		{8DCA9CF7-0000-0000-0000-000000000000}.Debug|Any CPU.ActiveCfg = Debug|Any CPU
		{8DCA9CF7-0000-0000-0000-000000000000}.Debug|Any CPU.Build.0 = Debug|Any CPU
		{8DCA9CF7-0000-0000-0000-000000000000}.Release|Any CPU.ActiveCfg = Release|Any CPU
		{8DCA9CF7-0000-0000-0000-000000000000}.Release|Any CPU.Build.0 = Release|Any CPU
		{65DE7066-0000-0000-0000-000000000000}.Debug|Any CPU.ActiveCfg = Debug|Any CPU
		{65DE7066-0000-0000-0000-000000000000}.Debug|Any CPU.Build.0 = Debug|Any CPU
		{65DE7066-0000-0000-0000-000000000000}.Release|Any CPU.ActiveCfg = Release|Any CPU
		{65DE7066-0000-0000-0000-000000000000}.Release|Any CPU.Build.0 = Release|Any CPU
		{2E0569BB-0000-0000-0000-000000000000}.Debug|Any CPU.ActiveCfg = Debug|Any CPU
		{2E0569BB-0000-0000-0000-000000000000}.Debug|Any CPU.Build.0 = Debug|Any CPU
		{2E0569BB-0000-0000-0000-000000000000}.Release|Any CPU.ActiveCfg = Release|Any CPU
		{2E0569BB-0000-0000-0000-000000000000}.Release|Any CPU.Build.0 = Release|Any CPU
		{ED041501-0000-0000-0000-000000000000}.Debug|Any CPU.ActiveCfg = Debug|Any CPU
		{ED041501-0000-0000-0000-000000000000}.Debug|Any CPU.Build.0 = Debug|Any CPU
		{ED041501-0000-0000-0000-000000000000}.Release|Any CPU.ActiveCfg = Release|Any CPU
		{ED041501-0000-0000-0000-000000000000}.Release|Any CPU.Build.0 = Release|Any CPU
		{7FDD1B76-0000-0000-0000-000000000000}.Debug|Any CPU.ActiveCfg = Debug|Any CPU
		{7FDD1B76-0000-0000-0000-000000000000}.Debug|Any CPU.Build.0 = Debug|Any CPU
		{7FDD1B76-0000-0000-0000-000000000000}.Release|Any CPU.ActiveCfg = Release|Any CPU
		{7FDD1B76-0000-0000-0000-000000000000}.Release|Any CPU.Build.0 = Release|Any CPU
		{76495B84-0000-0000-0000-000000000000}.Debug|Any CPU.ActiveCfg = Debug|Any CPU
		{76495B84-0000-0000-0000-000000000000}.Debug|Any CPU.Build.0 = Debug|Any CPU
		{76495B84-0000-0000-0000-000000000000}.Release|Any CPU.ActiveCfg = Release|Any CPU
		{76495B84-0000-0000-0000-000000000000}.Release|Any CPU.Build.0 = Release|Any CPU
		{60CDDAF3-0000-0000-0000-000000000000}.Debug|Any CPU.ActiveCfg = Debug|Any CPU
		{60CDDAF3-0000-0000-0000-000000000000}.Debug|Any CPU.Build.0 = Debug|Any CPU
		{60CDDAF3-0000-0000-0000-000000000000}.Release|Any CPU.ActiveCfg = Release|Any CPU
		{60CDDAF3-0000-0000-0000-000000000000}.Release|Any CPU.Build.0 = Release|Any CPU
		{A54AE47C-0000-0000-0000-000000000000}.Debug|Any CPU.ActiveCfg = Debug|Any CPU
		{A54AE47C-0000-0000-0000-000000000000}.Debug|Any CPU.Build.0 = Debug|Any CPU
		{A54AE47C-0000-0000-0000-000000000000}.Release|Any CPU.ActiveCfg = Release|Any CPU
		{A54AE47C-0000-0000-0000-000000000000}.Release|Any CPU.Build.0 = Release|Any CPU
		{B16DF9C1-0000-0000-0000-000000000000}.Debug|Any CPU.ActiveCfg = Debug|Any CPU
		{B16DF9C1-0000-0000-0000-000000000000}.Debug|Any CPU.Build.0 = Debug|Any CPU
		{B16DF9C1-0000-0000-0000-000000000000}.Release|Any CPU.ActiveCfg = Release|Any CPU
		{B16DF9C1-0000-0000-0000-000000000000}.Release|Any CPU.Build.0 = Release|Any CPU
		{78D8DF46-0000-0000-0000-000000000000}.Debug|Any CPU.ActiveCfg = Debug|Any CPU
		{78D8DF46-0000-0000-0000-000000000000}.Debug|Any CPU.Build.0 = Debug|Any CPU
		{78D8DF46-0000-0000-0000-000000000000}.Release|Any CPU.ActiveCfg = Release|Any CPU
		{78D8DF46-0000-0000-0000-000000000000}.Release|Any CPU.Build.0 = Release|Any CPU
		{D3312580-0000-0000-0000-000000000000}.Debug|Any CPU.ActiveCfg = Debug|Any CPU
		{D3312580-0000-0000-0000-000000000000}.Debug|Any CPU.Build.0 = Debug|Any CPU
		{D3312580-0000-0000-0000-000000000000}.Release|Any CPU.ActiveCfg = Release|Any CPU
		{D3312580-0000-0000-0000-000000000000}.Release|Any CPU.Build.0 = Release|Any CPU
		{08ECE473-0000-0000-0000-000000000000}.Debug|Any CPU.ActiveCfg = Debug|Any CPU
		{08ECE473-0000-0000-0000-000000000000}.Debug|Any CPU.Build.0 = Debug|Any CPU
		{08ECE473-0000-0000-0000-000000000000}.Release|Any CPU.ActiveCfg = Release|Any CPU
		{08ECE473-0000-0000-0000-000000000000}.Release|Any CPU.Build.0 = Release|Any CPU
		{0066981A-0000-0000-0000-000000000000}.Debug|Any CPU.ActiveCfg = Debug|Any CPU
		{0066981A-0000-0000-0000-000000000000}.Debug|Any CPU.Build.0 = Debug|Any CPU
		{0066981A-0000-0000-0000-000000000000}.Release|Any CPU.ActiveCfg = Release|Any CPU
		{0066981A-0000-0000-0000-000000000000}.Release|Any CPU.Build.0 = Release|Any CPU
		{9A29E8CD-0000-0000-0000-000000000000}.Debug|Any CPU.ActiveCfg = Debug|Any CPU
		{9A29E8CD-0000-0000-0000-000000000000}.Debug|Any CPU.Build.0 = Debug|Any CPU
		{9A29E8CD-0000-0000-0000-000000000000}.Release|Any CPU.ActiveCfg = Release|Any CPU
		{9A29E8CD-0000-0000-0000-000000000000}.Release|Any CPU.Build.0 = Release|Any CPU
		{AE37B02D-0000-0000-0000-000000000000}.Debug|Any CPU.ActiveCfg = Debug|Any CPU
		{AE37B02D-0000-0000-0000-000000000000}.Debug|Any CPU.Build.0 = Debug|Any CPU
		{AE37B02D-0000-0000-0000-000000000000}.Release|Any CPU.ActiveCfg = Release|Any CPU
		{AE37B02D-0000-0000-0000-000000000000}.Release|Any CPU.Build.0 = Release|Any CPU
		{8C9F71DF-0000-0000-0000-000000000000}.Debug|Any CPU.ActiveCfg = Debug|Any CPU
		{8C9F71DF-0000-0000-0000-000000000000}.Debug|Any CPU.Build.0 = Debug|Any CPU
		{8C9F71DF-0000-0000-0000-000000000000}.Release|Any CPU.ActiveCfg = Release|Any CPU
		{8C9F71DF-0000-0000-0000-000000000000}.Release|Any CPU.Build.0 = Release|Any CPU
		{CC43930F-0000-0000-0000-000000000000}.Debug|Any CPU.ActiveCfg = Debug|Any CPU
		{CC43930F-0000-0000-0000-000000000000}.Debug|Any CPU.Build.0 = Debug|Any CPU
		{CC43930F-0000-0000-0000-000000000000}.Release|Any CPU.ActiveCfg = Release|Any CPU
		{CC43930F-0000-0000-0000-000000000000}.Release|Any CPU.Build.0 = Release|Any CPU
		{022C27A5-0000-0000-0000-000000000000}.Debug|Any CPU.ActiveCfg = Debug|Any CPU
		{022C27A5-0000-0000-0000-000000000000}.Debug|Any CPU.Build.0 = Debug|Any CPU
		{022C27A5-0000-0000-0000-000000000000}.Release|Any CPU.ActiveCfg = Release|Any CPU
		{022C27A5-0000-0000-0000-000000000000}.Release|Any CPU.Build.0 = Release|Any CPU
		{12EC22DE-0000-0000-0000-000000000000}.Debug|Any CPU.ActiveCfg = Debug|Any CPU
		{12EC22DE-0000-0000-0000-000000000000}.Debug|Any CPU.Build.0 = Debug|Any CPU
		{12EC22DE-0000-0000-0000-000000000000}.Release|Any CPU.ActiveCfg = Release|Any CPU
		{12EC22DE-0000-0000-0000-000000000000}.Release|Any CPU.Build.0 = Release|Any CPU
		{AF52AEDC-0000-0000-0000-000000000000}.Debug|Any CPU.ActiveCfg = Debug|Any CPU
		{AF52AEDC-0000-0000-0000-000000000000}.Debug|Any CPU.Build.0 = Debug|Any CPU
		{AF52AEDC-0000-0000-0000-000000000000}.Release|Any CPU.ActiveCfg = Release|Any CPU
		{AF52AEDC-0000-0000-0000-000000000000}.Release|Any CPU.Build.0 = Release|Any CPU
		{8C618053-0000-0000-0000-000000000000}.Debug|Any CPU.ActiveCfg = Debug|Any CPU
		{8C618053-0000-0000-0000-000000000000}.Debug|Any CPU.Build.0 = Debug|Any CPU
		{8C618053-0000-0000-0000-000000000000}.Release|Any CPU.ActiveCfg = Release|Any CPU
		{8C618053-0000-0000-0000-000000000000}.Release|Any CPU.Build.0 = Release|Any CPU
	EndGlobalSection
EndGlobal
